// !$*UTF8*$!
{
	archiveVersion = 1;
	classes = {
	};
	objectVersion = 50;
	objects = {

/* Begin PBXBuildFile section */
		68BDF70A263A0C2000B9D630 /* EmojiArtDocumentStore.swift in Sources */ = {isa = PBXBuildFile; fileRef = 68BDF709263A0C1F00B9D630 /* EmojiArtDocumentStore.swift */; };
		68BDF70C263A11A000B9D630 /* EmojiArtDocumentChooser.swift in Sources */ = {isa = PBXBuildFile; fileRef = 68BDF70B263A11A000B9D630 /* EmojiArtDocumentChooser.swift */; };
		68E2C859263228100000E2EF /* EmojiArtApp.swift in Sources */ = {isa = PBXBuildFile; fileRef = 68E2C858263228100000E2EF /* EmojiArtApp.swift */; };
		68E2C85B263228100000E2EF /* EmojiArtDocumentView.swift in Sources */ = {isa = PBXBuildFile; fileRef = 68E2C85A263228100000E2EF /* EmojiArtDocumentView.swift */; };
		68E2C85D263228130000E2EF /* Assets.xcassets in Resources */ = {isa = PBXBuildFile; fileRef = 68E2C85C263228130000E2EF /* Assets.xcassets */; };
		68E2C860263228130000E2EF /* Preview Assets.xcassets in Resources */ = {isa = PBXBuildFile; fileRef = 68E2C85F263228130000E2EF /* Preview Assets.xcassets */; };
		68E2C8692632288C0000E2EF /* EmojiArtDocument.swift in Sources */ = {isa = PBXBuildFile; fileRef = 68E2C8682632288C0000E2EF /* EmojiArtDocument.swift */; };
		68E9CACE263231BA00F32778 /* EmojiArt.swift in Sources */ = {isa = PBXBuildFile; fileRef = 68E9CACD263231BA00F32778 /* EmojiArt.swift */; };
		68E9CAD1263239CE00F32778 /* Extensions.swift in Sources */ = {isa = PBXBuildFile; fileRef = 68E9CAD0263239CE00F32778 /* Extensions.swift */; };
		68F280572634D4B00066A332 /* OptionalImage.swift in Sources */ = {isa = PBXBuildFile; fileRef = 68F280562634D4B00066A332 /* OptionalImage.swift */; };
		68F2805A2634E17F0066A332 /* AnimatableSystemFontModifier.swift in Sources */ = {isa = PBXBuildFile; fileRef = 68F280592634E17F0066A332 /* AnimatableSystemFontModifier.swift */; };
		68F2805D2635F8150066A332 /* Spinning.swift in Sources */ = {isa = PBXBuildFile; fileRef = 68F2805C2635F8150066A332 /* Spinning.swift */; };
		68F280602636060B0066A332 /* PaletteChooser.swift in Sources */ = {isa = PBXBuildFile; fileRef = 68F2805F2636060B0066A332 /* PaletteChooser.swift */; };
		68F280682636086B0066A332 /* EmojiArtDocumentPalette.swift in Sources */ = {isa = PBXBuildFile; fileRef = 68F280672636086B0066A332 /* EmojiArtDocumentPalette.swift */; };
/* End PBXBuildFile section */

/* Begin PBXFileReference section */
		68BDF709263A0C1F00B9D630 /* EmojiArtDocumentStore.swift */ = {isa = PBXFileReference; fileEncoding = 4; lastKnownFileType = sourcecode.swift; path = EmojiArtDocumentStore.swift; sourceTree = "<group>"; };
		68BDF70B263A11A000B9D630 /* EmojiArtDocumentChooser.swift */ = {isa = PBXFileReference; lastKnownFileType = sourcecode.swift; path = EmojiArtDocumentChooser.swift; sourceTree = "<group>"; };
		68E2C855263228100000E2EF /* EmojiArt.app */ = {isa = PBXFileReference; explicitFileType = wrapper.application; includeInIndex = 0; path = EmojiArt.app; sourceTree = BUILT_PRODUCTS_DIR; };
		68E2C858263228100000E2EF /* EmojiArtApp.swift */ = {isa = PBXFileReference; lastKnownFileType = sourcecode.swift; path = EmojiArtApp.swift; sourceTree = "<group>"; };
		68E2C85A263228100000E2EF /* EmojiArtDocumentView.swift */ = {isa = PBXFileReference; lastKnownFileType = sourcecode.swift; path = EmojiArtDocumentView.swift; sourceTree = "<group>"; };
		68E2C85C263228130000E2EF /* Assets.xcassets */ = {isa = PBXFileReference; lastKnownFileType = folder.assetcatalog; path = Assets.xcassets; sourceTree = "<group>"; };
		68E2C85F263228130000E2EF /* Preview Assets.xcassets */ = {isa = PBXFileReference; lastKnownFileType = folder.assetcatalog; path = "Preview Assets.xcassets"; sourceTree = "<group>"; };
		68E2C861263228130000E2EF /* Info.plist */ = {isa = PBXFileReference; lastKnownFileType = text.plist.xml; path = Info.plist; sourceTree = "<group>"; };
		68E2C8682632288C0000E2EF /* EmojiArtDocument.swift */ = {isa = PBXFileReference; lastKnownFileType = sourcecode.swift; path = EmojiArtDocument.swift; sourceTree = "<group>"; };
		68E9CACD263231BA00F32778 /* EmojiArt.swift */ = {isa = PBXFileReference; lastKnownFileType = sourcecode.swift; path = EmojiArt.swift; sourceTree = "<group>"; };
		68E9CAD0263239CE00F32778 /* Extensions.swift */ = {isa = PBXFileReference; lastKnownFileType = sourcecode.swift; path = Extensions.swift; sourceTree = "<group>"; };
		68F280562634D4B00066A332 /* OptionalImage.swift */ = {isa = PBXFileReference; lastKnownFileType = sourcecode.swift; path = OptionalImage.swift; sourceTree = "<group>"; };
		68F280592634E17F0066A332 /* AnimatableSystemFontModifier.swift */ = {isa = PBXFileReference; fileEncoding = 4; lastKnownFileType = sourcecode.swift; path = AnimatableSystemFontModifier.swift; sourceTree = "<group>"; };
		68F2805C2635F8150066A332 /* Spinning.swift */ = {isa = PBXFileReference; lastKnownFileType = sourcecode.swift; path = Spinning.swift; sourceTree = "<group>"; };
		68F2805F2636060B0066A332 /* PaletteChooser.swift */ = {isa = PBXFileReference; lastKnownFileType = sourcecode.swift; path = PaletteChooser.swift; sourceTree = "<group>"; };
		68F280672636086B0066A332 /* EmojiArtDocumentPalette.swift */ = {isa = PBXFileReference; fileEncoding = 4; lastKnownFileType = sourcecode.swift; path = EmojiArtDocumentPalette.swift; sourceTree = "<group>"; };
/* End PBXFileReference section */

/* Begin PBXFrameworksBuildPhase section */
		68E2C852263228100000E2EF /* Frameworks */ = {
			isa = PBXFrameworksBuildPhase;
			buildActionMask = 2147483647;
			files = (
			);
			runOnlyForDeploymentPostprocessing = 0;
		};
/* End PBXFrameworksBuildPhase section */

/* Begin PBXGroup section */
		68E2C84C263228100000E2EF = {
			isa = PBXGroup;
			children = (
				68E2C857263228100000E2EF /* EmojiArt */,
				68E2C856263228100000E2EF /* Products */,
			);
			sourceTree = "<group>";
		};
		68E2C856263228100000E2EF /* Products */ = {
			isa = PBXGroup;
			children = (
				68E2C855263228100000E2EF /* EmojiArt.app */,
			);
			name = Products;
			sourceTree = "<group>";
		};
		68E2C857263228100000E2EF /* EmojiArt */ = {
			isa = PBXGroup;
			children = (
				68F280592634E17F0066A332 /* AnimatableSystemFontModifier.swift */,
				68E2C858263228100000E2EF /* EmojiArtApp.swift */,
				68E2C85A263228100000E2EF /* EmojiArtDocumentView.swift */,
				68F2805F2636060B0066A332 /* PaletteChooser.swift */,
				68E2C8682632288C0000E2EF /* EmojiArtDocument.swift */,
				68BDF709263A0C1F00B9D630 /* EmojiArtDocumentStore.swift */,
				68BDF70B263A11A000B9D630 /* EmojiArtDocumentChooser.swift */,
				68E9CACD263231BA00F32778 /* EmojiArt.swift */,
				68E2C85C263228130000E2EF /* Assets.xcassets */,
				68E2C861263228130000E2EF /* Info.plist */,
				68E2C85E263228130000E2EF /* Preview Content */,
				68E9CAD0263239CE00F32778 /* Extensions.swift */,
				68F280562634D4B00066A332 /* OptionalImage.swift */,
				68F2805C2635F8150066A332 /* Spinning.swift */,
				68F280672636086B0066A332 /* EmojiArtDocumentPalette.swift */,
			);
			path = EmojiArt;
			sourceTree = "<group>";
		};
		68E2C85E263228130000E2EF /* Preview Content */ = {
			isa = PBXGroup;
			children = (
				68E2C85F263228130000E2EF /* Preview Assets.xcassets */,
			);
			path = "Preview Content";
			sourceTree = "<group>";
		};
/* End PBXGroup section */

/* Begin PBXNativeTarget section */
		68E2C854263228100000E2EF /* EmojiArt */ = {
			isa = PBXNativeTarget;
			buildConfigurationList = 68E2C864263228130000E2EF /* Build configuration list for PBXNativeTarget "EmojiArt" */;
			buildPhases = (
				68E2C851263228100000E2EF /* Sources */,
				68E2C852263228100000E2EF /* Frameworks */,
				68E2C853263228100000E2EF /* Resources */,
			);
			buildRules = (
			);
			dependencies = (
			);
			name = EmojiArt;
			productName = EmojiArt;
			productReference = 68E2C855263228100000E2EF /* EmojiArt.app */;
			productType = "com.apple.product-type.application";
		};
/* End PBXNativeTarget section */

/* Begin PBXProject section */
		68E2C84D263228100000E2EF /* Project object */ = {
			isa = PBXProject;
			attributes = {
				LastSwiftUpdateCheck = 1240;
				LastUpgradeCheck = 1240;
				TargetAttributes = {
					68E2C854263228100000E2EF = {
						CreatedOnToolsVersion = 12.4;
					};
				};
			};
			buildConfigurationList = 68E2C850263228100000E2EF /* Build configuration list for PBXProject "EmojiArt" */;
			compatibilityVersion = "Xcode 9.3";
			developmentRegion = en;
			hasScannedForEncodings = 0;
			knownRegions = (
				en,
				Base,
			);
			mainGroup = 68E2C84C263228100000E2EF;
			productRefGroup = 68E2C856263228100000E2EF /* Products */;
			projectDirPath = "";
			projectRoot = "";
			targets = (
				68E2C854263228100000E2EF /* EmojiArt */,
			);
		};
/* End PBXProject section */

/* Begin PBXResourcesBuildPhase section */
		68E2C853263228100000E2EF /* Resources */ = {
			isa = PBXResourcesBuildPhase;
			buildActionMask = 2147483647;
			files = (
				68E2C860263228130000E2EF /* Preview Assets.xcassets in Resources */,
				68E2C85D263228130000E2EF /* Assets.xcassets in Resources */,
			);
			runOnlyForDeploymentPostprocessing = 0;
		};
/* End PBXResourcesBuildPhase section */

/* Begin PBXSourcesBuildPhase section */
		68E2C851263228100000E2EF /* Sources */ = {
			isa = PBXSourcesBuildPhase;
			buildActionMask = 2147483647;
			files = (
				68F2805A2634E17F0066A332 /* AnimatableSystemFontModifier.swift in Sources */,
				68E9CACE263231BA00F32778 /* EmojiArt.swift in Sources */,
				68E9CAD1263239CE00F32778 /* Extensions.swift in Sources */,
				68E2C85B263228100000E2EF /* EmojiArtDocumentView.swift in Sources */,
				68F280572634D4B00066A332 /* OptionalImage.swift in Sources */,
				68BDF70C263A11A000B9D630 /* EmojiArtDocumentChooser.swift in Sources */,
				68F280682636086B0066A332 /* EmojiArtDocumentPalette.swift in Sources */,
				68E2C8692632288C0000E2EF /* EmojiArtDocument.swift in Sources */,
				68E2C859263228100000E2EF /* EmojiArtApp.swift in Sources */,
				68BDF70A263A0C2000B9D630 /* EmojiArtDocumentStore.swift in Sources */,
				68F2805D2635F8150066A332 /* Spinning.swift in Sources */,
				68F280602636060B0066A332 /* PaletteChooser.swift in Sources */,
			);
			runOnlyForDeploymentPostprocessing = 0;
		};
/* End PBXSourcesBuildPhase section */

/* Begin XCBuildConfiguration section */
		68E2C862263228130000E2EF /* Debug */ = {
			isa = XCBuildConfiguration;
			buildSettings = {
				ALWAYS_SEARCH_USER_PATHS = NO;
				CLANG_ANALYZER_NONNULL = YES;
				CLANG_ANALYZER_NUMBER_OBJECT_CONVERSION = YES_AGGRESSIVE;
				CLANG_CXX_LANGUAGE_STANDARD = "gnu++14";
				CLANG_CXX_LIBRARY = "libc++";
				CLANG_ENABLE_MODULES = YES;
				CLANG_ENABLE_OBJC_ARC = YES;
				CLANG_ENABLE_OBJC_WEAK = YES;
				CLANG_WARN_BLOCK_CAPTURE_AUTORELEASING = YES;
				CLANG_WARN_BOOL_CONVERSION = YES;
				CLANG_WARN_COMMA = YES;
				CLANG_WARN_CONSTANT_CONVERSION = YES;
				CLANG_WARN_DEPRECATED_OBJC_IMPLEMENTATIONS = YES;
				CLANG_WARN_DIRECT_OBJC_ISA_USAGE = YES_ERROR;
				CLANG_WARN_DOCUMENTATION_COMMENTS = YES;
				CLANG_WARN_EMPTY_BODY = YES;
				CLANG_WARN_ENUM_CONVERSION = YES;
				CLANG_WARN_INFINITE_RECURSION = YES;
				CLANG_WARN_INT_CONVERSION = YES;
				CLANG_WARN_NON_LITERAL_NULL_CONVERSION = YES;
				CLANG_WARN_OBJC_IMPLICIT_RETAIN_SELF = YES;
				CLANG_WARN_OBJC_LITERAL_CONVERSION = YES;
				CLANG_WARN_OBJC_ROOT_CLASS = YES_ERROR;
				CLANG_WARN_QUOTED_INCLUDE_IN_FRAMEWORK_HEADER = YES;
				CLANG_WARN_RANGE_LOOP_ANALYSIS = YES;
				CLANG_WARN_STRICT_PROTOTYPES = YES;
				CLANG_WARN_SUSPICIOUS_MOVE = YES;
				CLANG_WARN_UNGUARDED_AVAILABILITY = YES_AGGRESSIVE;
				CLANG_WARN_UNREACHABLE_CODE = YES;
				CLANG_WARN__DUPLICATE_METHOD_MATCH = YES;
				COPY_PHASE_STRIP = NO;
				DEBUG_INFORMATION_FORMAT = dwarf;
				ENABLE_STRICT_OBJC_MSGSEND = YES;
				ENABLE_TESTABILITY = YES;
				GCC_C_LANGUAGE_STANDARD = gnu11;
				GCC_DYNAMIC_NO_PIC = NO;
				GCC_NO_COMMON_BLOCKS = YES;
				GCC_OPTIMIZATION_LEVEL = 0;
				GCC_PREPROCESSOR_DEFINITIONS = (
					"DEBUG=1",
					"$(inherited)",
				);
				GCC_WARN_64_TO_32_BIT_CONVERSION = YES;
				GCC_WARN_ABOUT_RETURN_TYPE = YES_ERROR;
				GCC_WARN_UNDECLARED_SELECTOR = YES;
				GCC_WARN_UNINITIALIZED_AUTOS = YES_AGGRESSIVE;
				GCC_WARN_UNUSED_FUNCTION = YES;
				GCC_WARN_UNUSED_VARIABLE = YES;
				IPHONEOS_DEPLOYMENT_TARGET = 14.4;
				MTL_ENABLE_DEBUG_INFO = INCLUDE_SOURCE;
				MTL_FAST_MATH = YES;
				ONLY_ACTIVE_ARCH = YES;
				SDKROOT = iphoneos;
				SWIFT_ACTIVE_COMPILATION_CONDITIONS = DEBUG;
				SWIFT_OPTIMIZATION_LEVEL = "-Onone";
			};
			name = Debug;
		};
		68E2C863263228130000E2EF /* Release */ = {
			isa = XCBuildConfiguration;
			buildSettings = {
				ALWAYS_SEARCH_USER_PATHS = NO;
				CLANG_ANALYZER_NONNULL = YES;
				CLANG_ANALYZER_NUMBER_OBJECT_CONVERSION = YES_AGGRESSIVE;
				CLANG_CXX_LANGUAGE_STANDARD = "gnu++14";
				CLANG_CXX_LIBRARY = "libc++";
				CLANG_ENABLE_MODULES = YES;
				CLANG_ENABLE_OBJC_ARC = YES;
				CLANG_ENABLE_OBJC_WEAK = YES;
				CLANG_WARN_BLOCK_CAPTURE_AUTORELEASING = YES;
				CLANG_WARN_BOOL_CONVERSION = YES;
				CLANG_WARN_COMMA = YES;
				CLANG_WARN_CONSTANT_CONVERSION = YES;
				CLANG_WARN_DEPRECATED_OBJC_IMPLEMENTATIONS = YES;
				CLANG_WARN_DIRECT_OBJC_ISA_USAGE = YES_ERROR;
				CLANG_WARN_DOCUMENTATION_COMMENTS = YES;
				CLANG_WARN_EMPTY_BODY = YES;
				CLANG_WARN_ENUM_CONVERSION = YES;
				CLANG_WARN_INFINITE_RECURSION = YES;
				CLANG_WARN_INT_CONVERSION = YES;
				CLANG_WARN_NON_LITERAL_NULL_CONVERSION = YES;
				CLANG_WARN_OBJC_IMPLICIT_RETAIN_SELF = YES;
				CLANG_WARN_OBJC_LITERAL_CONVERSION = YES;
				CLANG_WARN_OBJC_ROOT_CLASS = YES_ERROR;
				CLANG_WARN_QUOTED_INCLUDE_IN_FRAMEWORK_HEADER = YES;
				CLANG_WARN_RANGE_LOOP_ANALYSIS = YES;
				CLANG_WARN_STRICT_PROTOTYPES = YES;
				CLANG_WARN_SUSPICIOUS_MOVE = YES;
				CLANG_WARN_UNGUARDED_AVAILABILITY = YES_AGGRESSIVE;
				CLANG_WARN_UNREACHABLE_CODE = YES;
				CLANG_WARN__DUPLICATE_METHOD_MATCH = YES;
				COPY_PHASE_STRIP = NO;
				DEBUG_INFORMATION_FORMAT = "dwarf-with-dsym";
				ENABLE_NS_ASSERTIONS = NO;
				ENABLE_STRICT_OBJC_MSGSEND = YES;
				GCC_C_LANGUAGE_STANDARD = gnu11;
				GCC_NO_COMMON_BLOCKS = YES;
				GCC_WARN_64_TO_32_BIT_CONVERSION = YES;
				GCC_WARN_ABOUT_RETURN_TYPE = YES_ERROR;
				GCC_WARN_UNDECLARED_SELECTOR = YES;
				GCC_WARN_UNINITIALIZED_AUTOS = YES_AGGRESSIVE;
				GCC_WARN_UNUSED_FUNCTION = YES;
				GCC_WARN_UNUSED_VARIABLE = YES;
				IPHONEOS_DEPLOYMENT_TARGET = 14.4;
				MTL_ENABLE_DEBUG_INFO = NO;
				MTL_FAST_MATH = YES;
				SDKROOT = iphoneos;
				SWIFT_COMPILATION_MODE = wholemodule;
				SWIFT_OPTIMIZATION_LEVEL = "-O";
				VALIDATE_PRODUCT = YES;
			};
			name = Release;
		};
		68E2C865263228130000E2EF /* Debug */ = {
			isa = XCBuildConfiguration;
			buildSettings = {
				ASSETCATALOG_COMPILER_APPICON_NAME = AppIcon;
				ASSETCATALOG_COMPILER_GLOBAL_ACCENT_COLOR_NAME = AccentColor;
				CODE_SIGN_STYLE = Automatic;
				DEVELOPMENT_ASSET_PATHS = "\"EmojiArt/Preview Content\"";
				DEVELOPMENT_TEAM = 4U2DW67G88;
				ENABLE_PREVIEWS = YES;
				INFOPLIST_FILE = EmojiArt/Info.plist;
				IPHONEOS_DEPLOYMENT_TARGET = 14.0;
				LD_RUNPATH_SEARCH_PATHS = (
					"$(inherited)",
					"@executable_path/Frameworks",
				);
				PRODUCT_BUNDLE_IDENTIFIER = com.bogdanov.emojiart.EmojiArt;
				PRODUCT_NAME = "$(TARGET_NAME)";
				SWIFT_VERSION = 5.0;
				TARGETED_DEVICE_FAMILY = "1,2";
			};
			name = Debug;
		};
		68E2C866263228130000E2EF /* Release */ = {
			isa = XCBuildConfiguration;
			buildSettings = {
				ASSETCATALOG_COMPILER_APPICON_NAME = AppIcon;
				ASSETCATALOG_COMPILER_GLOBAL_ACCENT_COLOR_NAME = AccentColor;
				CODE_SIGN_STYLE = Automatic;
				DEVELOPMENT_ASSET_PATHS = "\"EmojiArt/Preview Content\"";
				DEVELOPMENT_TEAM = 4U2DW67G88;
				ENABLE_PREVIEWS = YES;
				INFOPLIST_FILE = EmojiArt/Info.plist;
				IPHONEOS_DEPLOYMENT_TARGET = 14.0;
				LD_RUNPATH_SEARCH_PATHS = (
					"$(inherited)",
					"@executable_path/Frameworks",
				);
				PRODUCT_BUNDLE_IDENTIFIER = com.bogdanov.emojiart.EmojiArt;
				PRODUCT_NAME = "$(TARGET_NAME)";
				SWIFT_VERSION = 5.0;
				TARGETED_DEVICE_FAMILY = "1,2";
			};
			name = Release;
		};
/* End XCBuildConfiguration section */

/* Begin XCConfigurationList section */
		68E2C850263228100000E2EF /* Build configuration list for PBXProject "EmojiArt" */ = {
			isa = XCConfigurationList;
			buildConfigurations = (
				68E2C862263228130000E2EF /* Debug */,
				68E2C863263228130000E2EF /* Release */,
			);
			defaultConfigurationIsVisible = 0;
			defaultConfigurationName = Release;
		};
		68E2C864263228130000E2EF /* Build configuration list for PBXNativeTarget "EmojiArt" */ = {
			isa = XCConfigurationList;
			buildConfigurations = (
				68E2C865263228130000E2EF /* Debug */,
				68E2C866263228130000E2EF /* Release */,
			);
			defaultConfigurationIsVisible = 0;
			defaultConfigurationName = Release;
		};
/* End XCConfigurationList section */
	};
	rootObject = 68E2C84D263228100000E2EF /* Project object */;
}
